
Microsoft Visual Studio Solution File, Format Version 12.00
# Visual Studio Version 17
VisualStudioVersion = 17.0.31919.166
MinimumVisualStudioVersion = 10.0.40219.1
Project("{FAE04EC0-301F-11D3-BF4B-00C04F79EFBC}") = "WFA230926", "WFA230926.csproj", "{8E4777A9-1B6C-4DE3-8EBA-FC6B98510505}"
EndProject
Global
	GlobalSection(SolutionConfigurationPlatforms) = preSolution
		Debug|Any CPU = Debug|Any CPU
		Release|Any CPU = Release|Any CPU
	EndGlobalSection
	GlobalSection(ProjectConfigurationPlatforms) = postSolution
		{8E4777A9-1B6C-4DE3-8EBA-FC6B98510505}.Debug|Any CPU.ActiveCfg = Debug|Any CPU
		{8E4777A9-1B6C-4DE3-8EBA-FC6B98510505}.Debug|Any CPU.Build.0 = Debug|Any CPU
		{8E4777A9-1B6C-4DE3-8EBA-FC6B98510505}.Release|Any CPU.ActiveCfg = Release|Any CPU
		{8E4777A9-1B6C-4DE3-8EBA-FC6B98510505}.Release|Any CPU.Build.0 = Release|Any CPU
	EndGlobalSection
	GlobalSection(SolutionProperties) = preSolution
		HideSolutionNode = FALSE
	EndGlobalSection
	GlobalSection(ExtensibilityGlobals) = postSolution
		SolutionGuid = {76B62819-B90E-4E3C-9DC2-81C8DED048ED}
	EndGlobalSection
EndGlobal
